// !$*UTF8*$!
{
	archiveVersion = 1;
	classes = {
	};
	objectVersion = 56;
	objects = {

/* Begin PBXBuildFile section */
		DE118CC62A89266A00084A26 /* MovieStruct.swift in Sources */ = {isa = PBXBuildFile; fileRef = DE118CC52A89266A00084A26 /* MovieStruct.swift */; };
		DE1468202A9C6CAC003B2BC8 /* BaseViewController.swift in Sources */ = {isa = PBXBuildFile; fileRef = DE14681F2A9C6CAC003B2BC8 /* BaseViewController.swift */; };
		DE1468232A9C6CEE003B2BC8 /* SnapKit in Frameworks */ = {isa = PBXBuildFile; productRef = DE1468222A9C6CEE003B2BC8 /* SnapKit */; };
		DE1468252A9C6E5D003B2BC8 /* BaseView.swift in Sources */ = {isa = PBXBuildFile; fileRef = DE1468242A9C6E5D003B2BC8 /* BaseView.swift */; };
		DE1468272A9C6EE2003B2BC8 /* TrendView.swift in Sources */ = {isa = PBXBuildFile; fileRef = DE1468262A9C6EE2003B2BC8 /* TrendView.swift */; };
		DE1468292A9C76FB003B2BC8 /* BaseTableViewCell.swift in Sources */ = {isa = PBXBuildFile; fileRef = DE1468282A9C76FB003B2BC8 /* BaseTableViewCell.swift */; };
		DE14682B2A9C77C2003B2BC8 /* MediaTableViewCell.swift in Sources */ = {isa = PBXBuildFile; fileRef = DE14682A2A9C77C2003B2BC8 /* MediaTableViewCell.swift */; };
		DE14682D2A9CA8AF003B2BC8 /* CreditView.swift in Sources */ = {isa = PBXBuildFile; fileRef = DE14682C2A9CA8AF003B2BC8 /* CreditView.swift */; };
		DE1468332A9CA901003B2BC8 /* StoryTableViewCell.swift in Sources */ = {isa = PBXBuildFile; fileRef = DE1468322A9CA901003B2BC8 /* StoryTableViewCell.swift */; };
		DE1468352A9CA917003B2BC8 /* CastInfoTableViewCell.swift in Sources */ = {isa = PBXBuildFile; fileRef = DE1468342A9CA917003B2BC8 /* CastInfoTableViewCell.swift */; };
		DE14683A2A9CC151003B2BC8 /* BaseCollectionViewCell.swift in Sources */ = {isa = PBXBuildFile; fileRef = DE1468392A9CC151003B2BC8 /* BaseCollectionViewCell.swift */; };
		DE14683C2A9CC1E6003B2BC8 /* BaseCollectionReusableView.swift in Sources */ = {isa = PBXBuildFile; fileRef = DE14683B2A9CC1E6003B2BC8 /* BaseCollectionReusableView.swift */; };
		DE14683E2A9CC25C003B2BC8 /* EpiCollectionViewCell.swift in Sources */ = {isa = PBXBuildFile; fileRef = DE14683D2A9CC25C003B2BC8 /* EpiCollectionViewCell.swift */; };
		DE1468402A9CC2C4003B2BC8 /* SeasonCollectionReusableView.swift in Sources */ = {isa = PBXBuildFile; fileRef = DE14683F2A9CC2C4003B2BC8 /* SeasonCollectionReusableView.swift */; };
		DE1468422A9CC8D5003B2BC8 /* TVDetailView.swift in Sources */ = {isa = PBXBuildFile; fileRef = DE1468412A9CC8D5003B2BC8 /* TVDetailView.swift */; };
		DE21482F2A9DE74C005A2D4E /* ProfileViewController.swift in Sources */ = {isa = PBXBuildFile; fileRef = DE21482E2A9DE74C005A2D4E /* ProfileViewController.swift */; };
		DE2148312A9DE83C005A2D4E /* ProfileView.swift in Sources */ = {isa = PBXBuildFile; fileRef = DE2148302A9DE83C005A2D4E /* ProfileView.swift */; };
		DE2148332A9DE8E6005A2D4E /* SettingTableViewCell.swift in Sources */ = {isa = PBXBuildFile; fileRef = DE2148322A9DE8E6005A2D4E /* SettingTableViewCell.swift */; };
		DE28A36E2A8F9AD500CE4FB4 /* TVTrend.swift in Sources */ = {isa = PBXBuildFile; fileRef = DE28A36D2A8F9AD500CE4FB4 /* TVTrend.swift */; };
		DE28A3702A8F9C9700CE4FB4 /* Genres.swift in Sources */ = {isa = PBXBuildFile; fileRef = DE28A36F2A8F9C9700CE4FB4 /* Genres.swift */; };
		DE28A3742A8FB6B400CE4FB4 /* TVDetails.swift in Sources */ = {isa = PBXBuildFile; fileRef = DE28A3732A8FB6B400CE4FB4 /* TVDetails.swift */; };
		DE28A3762A8FB7D400CE4FB4 /* TVSeasonsDetails.swift in Sources */ = {isa = PBXBuildFile; fileRef = DE28A3752A8FB7D400CE4FB4 /* TVSeasonsDetails.swift */; };
		DE28A3792A8FBADD00CE4FB4 /* TVDetailsViewController.swift in Sources */ = {isa = PBXBuildFile; fileRef = DE28A3782A8FBADD00CE4FB4 /* TVDetailsViewController.swift */; };
		DE28A37E2A8FBBB900CE4FB4 /* EpisodeCollectionViewCell.swift in Sources */ = {isa = PBXBuildFile; fileRef = DE28A37C2A8FBBB900CE4FB4 /* EpisodeCollectionViewCell.swift */; };
		DE28A37F2A8FBBB900CE4FB4 /* EpisodeCollectionViewCell.xib in Resources */ = {isa = PBXBuildFile; fileRef = DE28A37D2A8FBBB900CE4FB4 /* EpisodeCollectionViewCell.xib */; };
		DE28A3822A8FBCCB00CE4FB4 /* HeaderSeasonCollectionReusableView.swift in Sources */ = {isa = PBXBuildFile; fileRef = DE28A3802A8FBCCB00CE4FB4 /* HeaderSeasonCollectionReusableView.swift */; };
		DE28A3832A8FBCCB00CE4FB4 /* HeaderSeasonCollectionReusableView.xib in Resources */ = {isa = PBXBuildFile; fileRef = DE28A3812A8FBCCB00CE4FB4 /* HeaderSeasonCollectionReusableView.xib */; };
		DE2C139F2AA3916900CFC1BB /* EditViewController.swift in Sources */ = {isa = PBXBuildFile; fileRef = DE2C139E2AA3916900CFC1BB /* EditViewController.swift */; };
		DE76F2A72A862DD2001BFD2D /* ReusableViewProtocol.swift in Sources */ = {isa = PBXBuildFile; fileRef = DE76F2A62A862DD2001BFD2D /* ReusableViewProtocol.swift */; };
		DE76F2AA2A8631A5001BFD2D /* ContentTableViewCell.swift in Sources */ = {isa = PBXBuildFile; fileRef = DE76F2A82A8631A5001BFD2D /* ContentTableViewCell.swift */; };
		DE76F2AB2A8631A5001BFD2D /* ContentTableViewCell.xib in Resources */ = {isa = PBXBuildFile; fileRef = DE76F2A92A8631A5001BFD2D /* ContentTableViewCell.xib */; };
		DE76F2AD2A864546001BFD2D /* .gitignore in Resources */ = {isa = PBXBuildFile; fileRef = DE76F2AC2A864546001BFD2D /* .gitignore */; };
		DE76F2AF2A864561001BFD2D /* APIKey.swift in Sources */ = {isa = PBXBuildFile; fileRef = DE76F2AE2A864561001BFD2D /* APIKey.swift */; };
		DE76F2B12A8645FB001BFD2D /* TMDBAPIManager.swift in Sources */ = {isa = PBXBuildFile; fileRef = DE76F2B02A8645FB001BFD2D /* TMDBAPIManager.swift */; };
		DE76F2B32A8646B5001BFD2D /* URL+Extension.swift in Sources */ = {isa = PBXBuildFile; fileRef = DE76F2B22A8646B5001BFD2D /* URL+Extension.swift */; };
		DE76F2B52A8648B9001BFD2D /* Endpoint.swift in Sources */ = {isa = PBXBuildFile; fileRef = DE76F2B42A8648B9001BFD2D /* Endpoint.swift */; };
		DE76F2B82A864BCB001BFD2D /* Alamofire in Frameworks */ = {isa = PBXBuildFile; productRef = DE76F2B72A864BCB001BFD2D /* Alamofire */; };
		DE76F2BB2A864BD6001BFD2D /* SwiftyJSON in Frameworks */ = {isa = PBXBuildFile; productRef = DE76F2BA2A864BD6001BFD2D /* SwiftyJSON */; };
		DE76F2BE2A864BDF001BFD2D /* Kingfisher in Frameworks */ = {isa = PBXBuildFile; productRef = DE76F2BD2A864BDF001BFD2D /* Kingfisher */; };
		DE80D2F52A861C0900CBAEA5 /* AppDelegate.swift in Sources */ = {isa = PBXBuildFile; fileRef = DE80D2F42A861C0900CBAEA5 /* AppDelegate.swift */; };
		DE80D2F72A861C0900CBAEA5 /* SceneDelegate.swift in Sources */ = {isa = PBXBuildFile; fileRef = DE80D2F62A861C0900CBAEA5 /* SceneDelegate.swift */; };
		DE80D2F92A861C0900CBAEA5 /* TrendViewController.swift in Sources */ = {isa = PBXBuildFile; fileRef = DE80D2F82A861C0900CBAEA5 /* TrendViewController.swift */; };
		DE80D2FC2A861C0900CBAEA5 /* Main.storyboard in Resources */ = {isa = PBXBuildFile; fileRef = DE80D2FA2A861C0900CBAEA5 /* Main.storyboard */; };
		DE80D2FE2A861C0A00CBAEA5 /* Assets.xcassets in Resources */ = {isa = PBXBuildFile; fileRef = DE80D2FD2A861C0A00CBAEA5 /* Assets.xcassets */; };
		DE80D3012A861C0A00CBAEA5 /* LaunchScreen.storyboard in Resources */ = {isa = PBXBuildFile; fileRef = DE80D2FF2A861C0A00CBAEA5 /* LaunchScreen.storyboard */; };
		DE891CC72A8E455C00BBF0CB /* MovieTrend.swift in Sources */ = {isa = PBXBuildFile; fileRef = DE891CC62A8E455C00BBF0CB /* MovieTrend.swift */; };
		DECCE0F32A8BD3E300B38945 /* PersonCreditStruct.swift in Sources */ = {isa = PBXBuildFile; fileRef = DECCE0F22A8BD3E300B38945 /* PersonCreditStruct.swift */; };
		DEEF57EE2A8A37A800FD4FAA /* CreditViewController.swift in Sources */ = {isa = PBXBuildFile; fileRef = DEEF57ED2A8A37A800FD4FAA /* CreditViewController.swift */; };
		DEEF57F12A8A3D2200FD4FAA /* CastTableViewCell.swift in Sources */ = {isa = PBXBuildFile; fileRef = DEEF57EF2A8A3D2200FD4FAA /* CastTableViewCell.swift */; };
		DEEF57F22A8A3D2200FD4FAA /* CastTableViewCell.xib in Resources */ = {isa = PBXBuildFile; fileRef = DEEF57F02A8A3D2200FD4FAA /* CastTableViewCell.xib */; };
		DEEF57F52A8A3D3E00FD4FAA /* OverviewTableViewCell.swift in Sources */ = {isa = PBXBuildFile; fileRef = DEEF57F32A8A3D3E00FD4FAA /* OverviewTableViewCell.swift */; };
		DEEF57F62A8A3D3E00FD4FAA /* OverviewTableViewCell.xib in Resources */ = {isa = PBXBuildFile; fileRef = DEEF57F42A8A3D3E00FD4FAA /* OverviewTableViewCell.xib */; };
		DEEF57F82A8A47CC00FD4FAA /* Credit.swift in Sources */ = {isa = PBXBuildFile; fileRef = DEEF57F72A8A47CC00FD4FAA /* Credit.swift */; };
/* End PBXBuildFile section */

/* Begin PBXFileReference section */
		DE118CC52A89266A00084A26 /* MovieStruct.swift */ = {isa = PBXFileReference; lastKnownFileType = sourcecode.swift; path = MovieStruct.swift; sourceTree = "<group>"; };
		DE14681F2A9C6CAC003B2BC8 /* BaseViewController.swift */ = {isa = PBXFileReference; lastKnownFileType = sourcecode.swift; path = BaseViewController.swift; sourceTree = "<group>"; };
		DE1468242A9C6E5D003B2BC8 /* BaseView.swift */ = {isa = PBXFileReference; lastKnownFileType = sourcecode.swift; path = BaseView.swift; sourceTree = "<group>"; };
		DE1468262A9C6EE2003B2BC8 /* TrendView.swift */ = {isa = PBXFileReference; lastKnownFileType = sourcecode.swift; path = TrendView.swift; sourceTree = "<group>"; };
		DE1468282A9C76FB003B2BC8 /* BaseTableViewCell.swift */ = {isa = PBXFileReference; lastKnownFileType = sourcecode.swift; path = BaseTableViewCell.swift; sourceTree = "<group>"; };
		DE14682A2A9C77C2003B2BC8 /* MediaTableViewCell.swift */ = {isa = PBXFileReference; lastKnownFileType = sourcecode.swift; path = MediaTableViewCell.swift; sourceTree = "<group>"; };
		DE14682C2A9CA8AF003B2BC8 /* CreditView.swift */ = {isa = PBXFileReference; lastKnownFileType = sourcecode.swift; path = CreditView.swift; sourceTree = "<group>"; };
		DE1468322A9CA901003B2BC8 /* StoryTableViewCell.swift */ = {isa = PBXFileReference; lastKnownFileType = sourcecode.swift; path = StoryTableViewCell.swift; sourceTree = "<group>"; };
		DE1468342A9CA917003B2BC8 /* CastInfoTableViewCell.swift */ = {isa = PBXFileReference; lastKnownFileType = sourcecode.swift; path = CastInfoTableViewCell.swift; sourceTree = "<group>"; };
		DE1468392A9CC151003B2BC8 /* BaseCollectionViewCell.swift */ = {isa = PBXFileReference; lastKnownFileType = sourcecode.swift; path = BaseCollectionViewCell.swift; sourceTree = "<group>"; };
		DE14683B2A9CC1E6003B2BC8 /* BaseCollectionReusableView.swift */ = {isa = PBXFileReference; lastKnownFileType = sourcecode.swift; path = BaseCollectionReusableView.swift; sourceTree = "<group>"; };
		DE14683D2A9CC25C003B2BC8 /* EpiCollectionViewCell.swift */ = {isa = PBXFileReference; lastKnownFileType = sourcecode.swift; path = EpiCollectionViewCell.swift; sourceTree = "<group>"; };
		DE14683F2A9CC2C4003B2BC8 /* SeasonCollectionReusableView.swift */ = {isa = PBXFileReference; lastKnownFileType = sourcecode.swift; path = SeasonCollectionReusableView.swift; sourceTree = "<group>"; };
		DE1468412A9CC8D5003B2BC8 /* TVDetailView.swift */ = {isa = PBXFileReference; lastKnownFileType = sourcecode.swift; path = TVDetailView.swift; sourceTree = "<group>"; };
		DE21482E2A9DE74C005A2D4E /* ProfileViewController.swift */ = {isa = PBXFileReference; lastKnownFileType = sourcecode.swift; path = ProfileViewController.swift; sourceTree = "<group>"; };
		DE2148302A9DE83C005A2D4E /* ProfileView.swift */ = {isa = PBXFileReference; lastKnownFileType = sourcecode.swift; path = ProfileView.swift; sourceTree = "<group>"; };
		DE2148322A9DE8E6005A2D4E /* SettingTableViewCell.swift */ = {isa = PBXFileReference; lastKnownFileType = sourcecode.swift; path = SettingTableViewCell.swift; sourceTree = "<group>"; };
		DE28A36D2A8F9AD500CE4FB4 /* TVTrend.swift */ = {isa = PBXFileReference; lastKnownFileType = sourcecode.swift; path = TVTrend.swift; sourceTree = "<group>"; };
		DE28A36F2A8F9C9700CE4FB4 /* Genres.swift */ = {isa = PBXFileReference; lastKnownFileType = sourcecode.swift; path = Genres.swift; sourceTree = "<group>"; };
		DE28A3732A8FB6B400CE4FB4 /* TVDetails.swift */ = {isa = PBXFileReference; lastKnownFileType = sourcecode.swift; path = TVDetails.swift; sourceTree = "<group>"; };
		DE28A3752A8FB7D400CE4FB4 /* TVSeasonsDetails.swift */ = {isa = PBXFileReference; lastKnownFileType = sourcecode.swift; path = TVSeasonsDetails.swift; sourceTree = "<group>"; };
		DE28A3782A8FBADD00CE4FB4 /* TVDetailsViewController.swift */ = {isa = PBXFileReference; lastKnownFileType = sourcecode.swift; path = TVDetailsViewController.swift; sourceTree = "<group>"; };
		DE28A37C2A8FBBB900CE4FB4 /* EpisodeCollectionViewCell.swift */ = {isa = PBXFileReference; lastKnownFileType = sourcecode.swift; path = EpisodeCollectionViewCell.swift; sourceTree = "<group>"; };
		DE28A37D2A8FBBB900CE4FB4 /* EpisodeCollectionViewCell.xib */ = {isa = PBXFileReference; lastKnownFileType = file.xib; path = EpisodeCollectionViewCell.xib; sourceTree = "<group>"; };
		DE28A3802A8FBCCB00CE4FB4 /* HeaderSeasonCollectionReusableView.swift */ = {isa = PBXFileReference; lastKnownFileType = sourcecode.swift; path = HeaderSeasonCollectionReusableView.swift; sourceTree = "<group>"; };
		DE28A3812A8FBCCB00CE4FB4 /* HeaderSeasonCollectionReusableView.xib */ = {isa = PBXFileReference; lastKnownFileType = file.xib; path = HeaderSeasonCollectionReusableView.xib; sourceTree = "<group>"; };
		DE2C139E2AA3916900CFC1BB /* EditViewController.swift */ = {isa = PBXFileReference; lastKnownFileType = sourcecode.swift; path = EditViewController.swift; sourceTree = "<group>"; };
		DE76F2A62A862DD2001BFD2D /* ReusableViewProtocol.swift */ = {isa = PBXFileReference; lastKnownFileType = sourcecode.swift; path = ReusableViewProtocol.swift; sourceTree = "<group>"; };
		DE76F2A82A8631A5001BFD2D /* ContentTableViewCell.swift */ = {isa = PBXFileReference; lastKnownFileType = sourcecode.swift; path = ContentTableViewCell.swift; sourceTree = "<group>"; };
		DE76F2A92A8631A5001BFD2D /* ContentTableViewCell.xib */ = {isa = PBXFileReference; lastKnownFileType = file.xib; path = ContentTableViewCell.xib; sourceTree = "<group>"; };
		DE76F2AC2A864546001BFD2D /* .gitignore */ = {isa = PBXFileReference; lastKnownFileType = text; path = .gitignore; sourceTree = "<group>"; };
		DE76F2AE2A864561001BFD2D /* APIKey.swift */ = {isa = PBXFileReference; lastKnownFileType = sourcecode.swift; path = APIKey.swift; sourceTree = "<group>"; };
		DE76F2B02A8645FB001BFD2D /* TMDBAPIManager.swift */ = {isa = PBXFileReference; lastKnownFileType = sourcecode.swift; path = TMDBAPIManager.swift; sourceTree = "<group>"; };
		DE76F2B22A8646B5001BFD2D /* URL+Extension.swift */ = {isa = PBXFileReference; lastKnownFileType = sourcecode.swift; path = "URL+Extension.swift"; sourceTree = "<group>"; };
		DE76F2B42A8648B9001BFD2D /* Endpoint.swift */ = {isa = PBXFileReference; lastKnownFileType = sourcecode.swift; path = Endpoint.swift; sourceTree = "<group>"; };
		DE80D2F12A861C0900CBAEA5 /* MediaProject.app */ = {isa = PBXFileReference; explicitFileType = wrapper.application; includeInIndex = 0; path = MediaProject.app; sourceTree = BUILT_PRODUCTS_DIR; };
		DE80D2F42A861C0900CBAEA5 /* AppDelegate.swift */ = {isa = PBXFileReference; lastKnownFileType = sourcecode.swift; path = AppDelegate.swift; sourceTree = "<group>"; };
		DE80D2F62A861C0900CBAEA5 /* SceneDelegate.swift */ = {isa = PBXFileReference; lastKnownFileType = sourcecode.swift; path = SceneDelegate.swift; sourceTree = "<group>"; };
		DE80D2F82A861C0900CBAEA5 /* TrendViewController.swift */ = {isa = PBXFileReference; lastKnownFileType = sourcecode.swift; path = TrendViewController.swift; sourceTree = "<group>"; };
		DE80D2FB2A861C0900CBAEA5 /* Base */ = {isa = PBXFileReference; lastKnownFileType = file.storyboard; name = Base; path = Base.lproj/Main.storyboard; sourceTree = "<group>"; };
		DE80D2FD2A861C0A00CBAEA5 /* Assets.xcassets */ = {isa = PBXFileReference; lastKnownFileType = folder.assetcatalog; path = Assets.xcassets; sourceTree = "<group>"; };
		DE80D3002A861C0A00CBAEA5 /* Base */ = {isa = PBXFileReference; lastKnownFileType = file.storyboard; name = Base; path = Base.lproj/LaunchScreen.storyboard; sourceTree = "<group>"; };
		DE80D3022A861C0A00CBAEA5 /* Info.plist */ = {isa = PBXFileReference; lastKnownFileType = text.plist.xml; path = Info.plist; sourceTree = "<group>"; };
		DE891CC62A8E455C00BBF0CB /* MovieTrend.swift */ = {isa = PBXFileReference; lastKnownFileType = sourcecode.swift; path = MovieTrend.swift; sourceTree = "<group>"; };
		DECCE0F22A8BD3E300B38945 /* PersonCreditStruct.swift */ = {isa = PBXFileReference; lastKnownFileType = sourcecode.swift; path = PersonCreditStruct.swift; sourceTree = "<group>"; };
		DEEF57ED2A8A37A800FD4FAA /* CreditViewController.swift */ = {isa = PBXFileReference; lastKnownFileType = sourcecode.swift; path = CreditViewController.swift; sourceTree = "<group>"; };
		DEEF57EF2A8A3D2200FD4FAA /* CastTableViewCell.swift */ = {isa = PBXFileReference; lastKnownFileType = sourcecode.swift; path = CastTableViewCell.swift; sourceTree = "<group>"; };
		DEEF57F02A8A3D2200FD4FAA /* CastTableViewCell.xib */ = {isa = PBXFileReference; lastKnownFileType = file.xib; path = CastTableViewCell.xib; sourceTree = "<group>"; };
		DEEF57F32A8A3D3E00FD4FAA /* OverviewTableViewCell.swift */ = {isa = PBXFileReference; lastKnownFileType = sourcecode.swift; path = OverviewTableViewCell.swift; sourceTree = "<group>"; };
		DEEF57F42A8A3D3E00FD4FAA /* OverviewTableViewCell.xib */ = {isa = PBXFileReference; lastKnownFileType = file.xib; path = OverviewTableViewCell.xib; sourceTree = "<group>"; };
		DEEF57F72A8A47CC00FD4FAA /* Credit.swift */ = {isa = PBXFileReference; lastKnownFileType = sourcecode.swift; path = Credit.swift; sourceTree = "<group>"; };
/* End PBXFileReference section */

/* Begin PBXFrameworksBuildPhase section */
		DE80D2EE2A861C0900CBAEA5 /* Frameworks */ = {
			isa = PBXFrameworksBuildPhase;
			buildActionMask = 2147483647;
			files = (
				DE76F2BE2A864BDF001BFD2D /* Kingfisher in Frameworks */,
				DE1468232A9C6CEE003B2BC8 /* SnapKit in Frameworks */,
				DE76F2BB2A864BD6001BFD2D /* SwiftyJSON in Frameworks */,
				DE76F2B82A864BCB001BFD2D /* Alamofire in Frameworks */,
			);
			runOnlyForDeploymentPostprocessing = 0;
		};
/* End PBXFrameworksBuildPhase section */

/* Begin PBXGroup section */
		DE118CC42A86554900084A26 /* Module */ = {
			isa = PBXGroup;
			children = (
				DE76F2AE2A864561001BFD2D /* APIKey.swift */,
				DE76F2B02A8645FB001BFD2D /* TMDBAPIManager.swift */,
				DE76F2B22A8646B5001BFD2D /* URL+Extension.swift */,
				DE76F2B42A8648B9001BFD2D /* Endpoint.swift */,
				DE76F2A62A862DD2001BFD2D /* ReusableViewProtocol.swift */,
				DE118CC52A89266A00084A26 /* MovieStruct.swift */,
				DEEF57F72A8A47CC00FD4FAA /* Credit.swift */,
				DECCE0F22A8BD3E300B38945 /* PersonCreditStruct.swift */,
				DE891CC62A8E455C00BBF0CB /* MovieTrend.swift */,
				DE28A36D2A8F9AD500CE4FB4 /* TVTrend.swift */,
				DE28A36F2A8F9C9700CE4FB4 /* Genres.swift */,
				DE28A3732A8FB6B400CE4FB4 /* TVDetails.swift */,
				DE28A3752A8FB7D400CE4FB4 /* TVSeasonsDetails.swift */,
			);
			path = Module;
			sourceTree = "<group>";
		};
		DE14681E2A9C6C97003B2BC8 /* Base */ = {
			isa = PBXGroup;
			children = (
				DE14681F2A9C6CAC003B2BC8 /* BaseViewController.swift */,
				DE1468242A9C6E5D003B2BC8 /* BaseView.swift */,
				DE1468282A9C76FB003B2BC8 /* BaseTableViewCell.swift */,
				DE1468392A9CC151003B2BC8 /* BaseCollectionViewCell.swift */,
				DE14683B2A9CC1E6003B2BC8 /* BaseCollectionReusableView.swift */,
			);
			path = Base;
			sourceTree = "<group>";
		};
		DE1468362A9CBCF6003B2BC8 /* legacy */ = {
			isa = PBXGroup;
			children = (
				DE80D2FA2A861C0900CBAEA5 /* Main.storyboard */,
				DE28A37C2A8FBBB900CE4FB4 /* EpisodeCollectionViewCell.swift */,
				DE28A37D2A8FBBB900CE4FB4 /* EpisodeCollectionViewCell.xib */,
				DE28A3802A8FBCCB00CE4FB4 /* HeaderSeasonCollectionReusableView.swift */,
				DE28A3812A8FBCCB00CE4FB4 /* HeaderSeasonCollectionReusableView.xib */,
				DE76F2A92A8631A5001BFD2D /* ContentTableViewCell.xib */,
				DE76F2A82A8631A5001BFD2D /* ContentTableViewCell.swift */,
				DEEF57F32A8A3D3E00FD4FAA /* OverviewTableViewCell.swift */,
				DEEF57F42A8A3D3E00FD4FAA /* OverviewTableViewCell.xib */,
				DEEF57EF2A8A3D2200FD4FAA /* CastTableViewCell.swift */,
				DEEF57F02A8A3D2200FD4FAA /* CastTableViewCell.xib */,
			);
			path = legacy;
			sourceTree = "<group>";
		};
		DE21482D2A9DE68E005A2D4E /* ProfileView */ = {
			isa = PBXGroup;
			children = (
				DE21482E2A9DE74C005A2D4E /* ProfileViewController.swift */,
				DE2148302A9DE83C005A2D4E /* ProfileView.swift */,
				DE2148322A9DE8E6005A2D4E /* SettingTableViewCell.swift */,
				DE2C139E2AA3916900CFC1BB /* EditViewController.swift */,
			);
			path = ProfileView;
			sourceTree = "<group>";
		};
		DE28A3772A8FBAB500CE4FB4 /* TVDetailView */ = {
			isa = PBXGroup;
			children = (
				DE28A3782A8FBADD00CE4FB4 /* TVDetailsViewController.swift */,
				DE1468412A9CC8D5003B2BC8 /* TVDetailView.swift */,
				DE14683D2A9CC25C003B2BC8 /* EpiCollectionViewCell.swift */,
				DE14683F2A9CC2C4003B2BC8 /* SeasonCollectionReusableView.swift */,
			);
			path = TVDetailView;
			sourceTree = "<group>";
		};
		DE80D2E82A861C0900CBAEA5 = {
			isa = PBXGroup;
			children = (
				DE80D2F32A861C0900CBAEA5 /* MediaProject */,
				DE80D2F22A861C0900CBAEA5 /* Products */,
			);
			sourceTree = "<group>";
		};
		DE80D2F22A861C0900CBAEA5 /* Products */ = {
			isa = PBXGroup;
			children = (
				DE80D2F12A861C0900CBAEA5 /* MediaProject.app */,
			);
			name = Products;
			sourceTree = "<group>";
		};
		DE80D2F32A861C0900CBAEA5 /* MediaProject */ = {
			isa = PBXGroup;
			children = (
				DE80D2F42A861C0900CBAEA5 /* AppDelegate.swift */,
				DE80D2F62A861C0900CBAEA5 /* SceneDelegate.swift */,
				DE14681E2A9C6C97003B2BC8 /* Base */,
				DECCE1282A8E433A00B38945 /* TrendView */,
				DECCE1292A8E436400B38945 /* CreditView */,
				DE28A3772A8FBAB500CE4FB4 /* TVDetailView */,
				DE21482D2A9DE68E005A2D4E /* ProfileView */,
				DE118CC42A86554900084A26 /* Module */,
				DE80D2FD2A861C0A00CBAEA5 /* Assets.xcassets */,
				DE76F2AC2A864546001BFD2D /* .gitignore */,
				DE80D2FF2A861C0A00CBAEA5 /* LaunchScreen.storyboard */,
				DE80D3022A861C0A00CBAEA5 /* Info.plist */,
				DE1468362A9CBCF6003B2BC8 /* legacy */,
			);
			path = MediaProject;
			sourceTree = "<group>";
		};
		DECCE1282A8E433A00B38945 /* TrendView */ = {
			isa = PBXGroup;
			children = (
				DE80D2F82A861C0900CBAEA5 /* TrendViewController.swift */,
				DE1468262A9C6EE2003B2BC8 /* TrendView.swift */,
				DE14682A2A9C77C2003B2BC8 /* MediaTableViewCell.swift */,
			);
			path = TrendView;
			sourceTree = "<group>";
		};
		DECCE1292A8E436400B38945 /* CreditView */ = {
			isa = PBXGroup;
			children = (
				DEEF57ED2A8A37A800FD4FAA /* CreditViewController.swift */,
				DE14682C2A9CA8AF003B2BC8 /* CreditView.swift */,
				DE1468322A9CA901003B2BC8 /* StoryTableViewCell.swift */,
				DE1468342A9CA917003B2BC8 /* CastInfoTableViewCell.swift */,
			);
			path = CreditView;
			sourceTree = "<group>";
		};
/* End PBXGroup section */

/* Begin PBXNativeTarget section */
		DE80D2F02A861C0900CBAEA5 /* MediaProject */ = {
			isa = PBXNativeTarget;
			buildConfigurationList = DE80D3052A861C0A00CBAEA5 /* Build configuration list for PBXNativeTarget "MediaProject" */;
			buildPhases = (
				DE80D2ED2A861C0900CBAEA5 /* Sources */,
				DE80D2EE2A861C0900CBAEA5 /* Frameworks */,
				DE80D2EF2A861C0900CBAEA5 /* Resources */,
			);
			buildRules = (
			);
			dependencies = (
			);
			name = MediaProject;
			packageProductDependencies = (
				DE76F2B72A864BCB001BFD2D /* Alamofire */,
				DE76F2BA2A864BD6001BFD2D /* SwiftyJSON */,
				DE76F2BD2A864BDF001BFD2D /* Kingfisher */,
				DE1468222A9C6CEE003B2BC8 /* SnapKit */,
			);
			productName = MediaProject;
			productReference = DE80D2F12A861C0900CBAEA5 /* MediaProject.app */;
			productType = "com.apple.product-type.application";
		};
/* End PBXNativeTarget section */

/* Begin PBXProject section */
		DE80D2E92A861C0900CBAEA5 /* Project object */ = {
			isa = PBXProject;
			attributes = {
				BuildIndependentTargetsInParallel = 1;
				LastSwiftUpdateCheck = 1430;
				LastUpgradeCheck = 1430;
				TargetAttributes = {
					DE80D2F02A861C0900CBAEA5 = {
						CreatedOnToolsVersion = 14.3.1;
					};
				};
			};
			buildConfigurationList = DE80D2EC2A861C0900CBAEA5 /* Build configuration list for PBXProject "MediaProject" */;
			compatibilityVersion = "Xcode 14.0";
			developmentRegion = en;
			hasScannedForEncodings = 0;
			knownRegions = (
				en,
				Base,
			);
			mainGroup = DE80D2E82A861C0900CBAEA5;
			packageReferences = (
				DE76F2B62A864BCB001BFD2D /* XCRemoteSwiftPackageReference "Alamofire" */,
				DE76F2B92A864BD6001BFD2D /* XCRemoteSwiftPackageReference "SwiftyJSON" */,
				DE76F2BC2A864BDF001BFD2D /* XCRemoteSwiftPackageReference "Kingfisher" */,
				DE1468212A9C6CEE003B2BC8 /* XCRemoteSwiftPackageReference "SnapKit" */,
			);
			productRefGroup = DE80D2F22A861C0900CBAEA5 /* Products */;
			projectDirPath = "";
			projectRoot = "";
			targets = (
				DE80D2F02A861C0900CBAEA5 /* MediaProject */,
			);
		};
/* End PBXProject section */

/* Begin PBXResourcesBuildPhase section */
		DE80D2EF2A861C0900CBAEA5 /* Resources */ = {
			isa = PBXResourcesBuildPhase;
			buildActionMask = 2147483647;
			files = (
				DE76F2AD2A864546001BFD2D /* .gitignore in Resources */,
				DE80D3012A861C0A00CBAEA5 /* LaunchScreen.storyboard in Resources */,
				DEEF57F22A8A3D2200FD4FAA /* CastTableViewCell.xib in Resources */,
				DE80D2FE2A861C0A00CBAEA5 /* Assets.xcassets in Resources */,
				DEEF57F62A8A3D3E00FD4FAA /* OverviewTableViewCell.xib in Resources */,
				DE80D2FC2A861C0900CBAEA5 /* Main.storyboard in Resources */,
				DE28A3832A8FBCCB00CE4FB4 /* HeaderSeasonCollectionReusableView.xib in Resources */,
				DE28A37F2A8FBBB900CE4FB4 /* EpisodeCollectionViewCell.xib in Resources */,
				DE76F2AB2A8631A5001BFD2D /* ContentTableViewCell.xib in Resources */,
			);
			runOnlyForDeploymentPostprocessing = 0;
		};
/* End PBXResourcesBuildPhase section */

/* Begin PBXSourcesBuildPhase section */
		DE80D2ED2A861C0900CBAEA5 /* Sources */ = {
			isa = PBXSourcesBuildPhase;
			buildActionMask = 2147483647;
			files = (
				DE1468272A9C6EE2003B2BC8 /* TrendView.swift in Sources */,
				DE28A36E2A8F9AD500CE4FB4 /* TVTrend.swift in Sources */,
				DE2148332A9DE8E6005A2D4E /* SettingTableViewCell.swift in Sources */,
				DEEF57F52A8A3D3E00FD4FAA /* OverviewTableViewCell.swift in Sources */,
				DE28A3822A8FBCCB00CE4FB4 /* HeaderSeasonCollectionReusableView.swift in Sources */,
				DE2C139F2AA3916900CFC1BB /* EditViewController.swift in Sources */,
				DE1468292A9C76FB003B2BC8 /* BaseTableViewCell.swift in Sources */,
				DE28A3742A8FB6B400CE4FB4 /* TVDetails.swift in Sources */,
				DE80D2F92A861C0900CBAEA5 /* TrendViewController.swift in Sources */,
				DE1468202A9C6CAC003B2BC8 /* BaseViewController.swift in Sources */,
				DE28A37E2A8FBBB900CE4FB4 /* EpisodeCollectionViewCell.swift in Sources */,
				DE1468422A9CC8D5003B2BC8 /* TVDetailView.swift in Sources */,
				DE76F2B52A8648B9001BFD2D /* Endpoint.swift in Sources */,
				DE76F2B32A8646B5001BFD2D /* URL+Extension.swift in Sources */,
				DE14683C2A9CC1E6003B2BC8 /* BaseCollectionReusableView.swift in Sources */,
				DEEF57F82A8A47CC00FD4FAA /* Credit.swift in Sources */,
				DE118CC62A89266A00084A26 /* MovieStruct.swift in Sources */,
				DE76F2A72A862DD2001BFD2D /* ReusableViewProtocol.swift in Sources */,
				DE2148312A9DE83C005A2D4E /* ProfileView.swift in Sources */,
				DE1468252A9C6E5D003B2BC8 /* BaseView.swift in Sources */,
				DE80D2F52A861C0900CBAEA5 /* AppDelegate.swift in Sources */,
				DE14683E2A9CC25C003B2BC8 /* EpiCollectionViewCell.swift in Sources */,
				DE891CC72A8E455C00BBF0CB /* MovieTrend.swift in Sources */,
				DE80D2F72A861C0900CBAEA5 /* SceneDelegate.swift in Sources */,
				DE28A3702A8F9C9700CE4FB4 /* Genres.swift in Sources */,
				DE76F2AF2A864561001BFD2D /* APIKey.swift in Sources */,
				DEEF57F12A8A3D2200FD4FAA /* CastTableViewCell.swift in Sources */,
				DE28A3792A8FBADD00CE4FB4 /* TVDetailsViewController.swift in Sources */,
				DE1468402A9CC2C4003B2BC8 /* SeasonCollectionReusableView.swift in Sources */,
				DE76F2B12A8645FB001BFD2D /* TMDBAPIManager.swift in Sources */,
				DE14682D2A9CA8AF003B2BC8 /* CreditView.swift in Sources */,
				DE76F2AA2A8631A5001BFD2D /* ContentTableViewCell.swift in Sources */,
				DE14683A2A9CC151003B2BC8 /* BaseCollectionViewCell.swift in Sources */,
				DE28A3762A8FB7D400CE4FB4 /* TVSeasonsDetails.swift in Sources */,
				DE1468352A9CA917003B2BC8 /* CastInfoTableViewCell.swift in Sources */,
				DEEF57EE2A8A37A800FD4FAA /* CreditViewController.swift in Sources */,
				DE14682B2A9C77C2003B2BC8 /* MediaTableViewCell.swift in Sources */,
				DE21482F2A9DE74C005A2D4E /* ProfileViewController.swift in Sources */,
				DECCE0F32A8BD3E300B38945 /* PersonCreditStruct.swift in Sources */,
				DE1468332A9CA901003B2BC8 /* StoryTableViewCell.swift in Sources */,
			);
			runOnlyForDeploymentPostprocessing = 0;
		};
/* End PBXSourcesBuildPhase section */

/* Begin PBXVariantGroup section */
		DE80D2FA2A861C0900CBAEA5 /* Main.storyboard */ = {
			isa = PBXVariantGroup;
			children = (
				DE80D2FB2A861C0900CBAEA5 /* Base */,
			);
			name = Main.storyboard;
			sourceTree = "<group>";
		};
		DE80D2FF2A861C0A00CBAEA5 /* LaunchScreen.storyboard */ = {
			isa = PBXVariantGroup;
			children = (
				DE80D3002A861C0A00CBAEA5 /* Base */,
			);
			name = LaunchScreen.storyboard;
			sourceTree = "<group>";
		};
/* End PBXVariantGroup section */

/* Begin XCBuildConfiguration section */
		DE80D3032A861C0A00CBAEA5 /* Debug */ = {
			isa = XCBuildConfiguration;
			buildSettings = {
				ALWAYS_SEARCH_USER_PATHS = NO;
				CLANG_ANALYZER_NONNULL = YES;
				CLANG_ANALYZER_NUMBER_OBJECT_CONVERSION = YES_AGGRESSIVE;
				CLANG_CXX_LANGUAGE_STANDARD = "gnu++20";
				CLANG_ENABLE_MODULES = YES;
				CLANG_ENABLE_OBJC_ARC = YES;
				CLANG_ENABLE_OBJC_WEAK = YES;
				CLANG_WARN_BLOCK_CAPTURE_AUTORELEASING = YES;
				CLANG_WARN_BOOL_CONVERSION = YES;
				CLANG_WARN_COMMA = YES;
				CLANG_WARN_CONSTANT_CONVERSION = YES;
				CLANG_WARN_DEPRECATED_OBJC_IMPLEMENTATIONS = YES;
				CLANG_WARN_DIRECT_OBJC_ISA_USAGE = YES_ERROR;
				CLANG_WARN_DOCUMENTATION_COMMENTS = YES;
				CLANG_WARN_EMPTY_BODY = YES;
				CLANG_WARN_ENUM_CONVERSION = YES;
				CLANG_WARN_INFINITE_RECURSION = YES;
				CLANG_WARN_INT_CONVERSION = YES;
				CLANG_WARN_NON_LITERAL_NULL_CONVERSION = YES;
				CLANG_WARN_OBJC_IMPLICIT_RETAIN_SELF = YES;
				CLANG_WARN_OBJC_LITERAL_CONVERSION = YES;
				CLANG_WARN_OBJC_ROOT_CLASS = YES_ERROR;
				CLANG_WARN_QUOTED_INCLUDE_IN_FRAMEWORK_HEADER = YES;
				CLANG_WARN_RANGE_LOOP_ANALYSIS = YES;
				CLANG_WARN_STRICT_PROTOTYPES = YES;
				CLANG_WARN_SUSPICIOUS_MOVE = YES;
				CLANG_WARN_UNGUARDED_AVAILABILITY = YES_AGGRESSIVE;
				CLANG_WARN_UNREACHABLE_CODE = YES;
				CLANG_WARN__DUPLICATE_METHOD_MATCH = YES;
				COPY_PHASE_STRIP = NO;
				DEBUG_INFORMATION_FORMAT = dwarf;
				ENABLE_STRICT_OBJC_MSGSEND = YES;
				ENABLE_TESTABILITY = YES;
				GCC_C_LANGUAGE_STANDARD = gnu11;
				GCC_DYNAMIC_NO_PIC = NO;
				GCC_NO_COMMON_BLOCKS = YES;
				GCC_OPTIMIZATION_LEVEL = 0;
				GCC_PREPROCESSOR_DEFINITIONS = (
					"DEBUG=1",
					"$(inherited)",
				);
				GCC_WARN_64_TO_32_BIT_CONVERSION = YES;
				GCC_WARN_ABOUT_RETURN_TYPE = YES_ERROR;
				GCC_WARN_UNDECLARED_SELECTOR = YES;
				GCC_WARN_UNINITIALIZED_AUTOS = YES_AGGRESSIVE;
				GCC_WARN_UNUSED_FUNCTION = YES;
				GCC_WARN_UNUSED_VARIABLE = YES;
				IPHONEOS_DEPLOYMENT_TARGET = 16.4;
				MTL_ENABLE_DEBUG_INFO = INCLUDE_SOURCE;
				MTL_FAST_MATH = YES;
				ONLY_ACTIVE_ARCH = YES;
				SDKROOT = iphoneos;
				SWIFT_ACTIVE_COMPILATION_CONDITIONS = DEBUG;
				SWIFT_OPTIMIZATION_LEVEL = "-Onone";
			};
			name = Debug;
		};
		DE80D3042A861C0A00CBAEA5 /* Release */ = {
			isa = XCBuildConfiguration;
			buildSettings = {
				ALWAYS_SEARCH_USER_PATHS = NO;
				CLANG_ANALYZER_NONNULL = YES;
				CLANG_ANALYZER_NUMBER_OBJECT_CONVERSION = YES_AGGRESSIVE;
				CLANG_CXX_LANGUAGE_STANDARD = "gnu++20";
				CLANG_ENABLE_MODULES = YES;
				CLANG_ENABLE_OBJC_ARC = YES;
				CLANG_ENABLE_OBJC_WEAK = YES;
				CLANG_WARN_BLOCK_CAPTURE_AUTORELEASING = YES;
				CLANG_WARN_BOOL_CONVERSION = YES;
				CLANG_WARN_COMMA = YES;
				CLANG_WARN_CONSTANT_CONVERSION = YES;
				CLANG_WARN_DEPRECATED_OBJC_IMPLEMENTATIONS = YES;
				CLANG_WARN_DIRECT_OBJC_ISA_USAGE = YES_ERROR;
				CLANG_WARN_DOCUMENTATION_COMMENTS = YES;
				CLANG_WARN_EMPTY_BODY = YES;
				CLANG_WARN_ENUM_CONVERSION = YES;
				CLANG_WARN_INFINITE_RECURSION = YES;
				CLANG_WARN_INT_CONVERSION = YES;
				CLANG_WARN_NON_LITERAL_NULL_CONVERSION = YES;
				CLANG_WARN_OBJC_IMPLICIT_RETAIN_SELF = YES;
				CLANG_WARN_OBJC_LITERAL_CONVERSION = YES;
				CLANG_WARN_OBJC_ROOT_CLASS = YES_ERROR;
				CLANG_WARN_QUOTED_INCLUDE_IN_FRAMEWORK_HEADER = YES;
				CLANG_WARN_RANGE_LOOP_ANALYSIS = YES;
				CLANG_WARN_STRICT_PROTOTYPES = YES;
				CLANG_WARN_SUSPICIOUS_MOVE = YES;
				CLANG_WARN_UNGUARDED_AVAILABILITY = YES_AGGRESSIVE;
				CLANG_WARN_UNREACHABLE_CODE = YES;
				CLANG_WARN__DUPLICATE_METHOD_MATCH = YES;
				COPY_PHASE_STRIP = NO;
				DEBUG_INFORMATION_FORMAT = "dwarf-with-dsym";
				ENABLE_NS_ASSERTIONS = NO;
				ENABLE_STRICT_OBJC_MSGSEND = YES;
				GCC_C_LANGUAGE_STANDARD = gnu11;
				GCC_NO_COMMON_BLOCKS = YES;
				GCC_WARN_64_TO_32_BIT_CONVERSION = YES;
				GCC_WARN_ABOUT_RETURN_TYPE = YES_ERROR;
				GCC_WARN_UNDECLARED_SELECTOR = YES;
				GCC_WARN_UNINITIALIZED_AUTOS = YES_AGGRESSIVE;
				GCC_WARN_UNUSED_FUNCTION = YES;
				GCC_WARN_UNUSED_VARIABLE = YES;
				IPHONEOS_DEPLOYMENT_TARGET = 16.4;
				MTL_ENABLE_DEBUG_INFO = NO;
				MTL_FAST_MATH = YES;
				SDKROOT = iphoneos;
				SWIFT_COMPILATION_MODE = wholemodule;
				SWIFT_OPTIMIZATION_LEVEL = "-O";
				VALIDATE_PRODUCT = YES;
			};
			name = Release;
		};
		DE80D3062A861C0A00CBAEA5 /* Debug */ = {
			isa = XCBuildConfiguration;
			buildSettings = {
				ASSETCATALOG_COMPILER_APPICON_NAME = AppIcon;
				ASSETCATALOG_COMPILER_GLOBAL_ACCENT_COLOR_NAME = AccentColor;
				CODE_SIGN_STYLE = Automatic;
				CURRENT_PROJECT_VERSION = 1;
				GENERATE_INFOPLIST_FILE = YES;
				INFOPLIST_FILE = MediaProject/Info.plist;
				INFOPLIST_KEY_UIApplicationSupportsIndirectInputEvents = YES;
				INFOPLIST_KEY_UILaunchStoryboardName = LaunchScreen;
				INFOPLIST_KEY_UISupportedInterfaceOrientations_iPad = "UIInterfaceOrientationPortrait UIInterfaceOrientationPortraitUpsideDown UIInterfaceOrientationLandscapeLeft UIInterfaceOrientationLandscapeRight";
				INFOPLIST_KEY_UISupportedInterfaceOrientations_iPhone = "UIInterfaceOrientationPortrait UIInterfaceOrientationLandscapeLeft UIInterfaceOrientationLandscapeRight";
				IPHONEOS_DEPLOYMENT_TARGET = 16.0;
				LD_RUNPATH_SEARCH_PATHS = (
					"$(inherited)",
					"@executable_path/Frameworks",
				);
				MARKETING_VERSION = 1.0;
				PRODUCT_BUNDLE_IDENTIFIER = com.sesac.MediaProject;
				PRODUCT_NAME = "$(TARGET_NAME)";
				SUPPORTED_PLATFORMS = "iphoneos iphonesimulator";
				SUPPORTS_MACCATALYST = NO;
				SUPPORTS_MAC_DESIGNED_FOR_IPHONE_IPAD = NO;
				SWIFT_EMIT_LOC_STRINGS = YES;
				SWIFT_VERSION = 5.0;
				TARGETED_DEVICE_FAMILY = 1;
			};
			name = Debug;
		};
		DE80D3072A861C0A00CBAEA5 /* Release */ = {
			isa = XCBuildConfiguration;
			buildSettings = {
				ASSETCATALOG_COMPILER_APPICON_NAME = AppIcon;
				ASSETCATALOG_COMPILER_GLOBAL_ACCENT_COLOR_NAME = AccentColor;
				CODE_SIGN_STYLE = Automatic;
				CURRENT_PROJECT_VERSION = 1;
				GENERATE_INFOPLIST_FILE = YES;
				INFOPLIST_FILE = MediaProject/Info.plist;
				INFOPLIST_KEY_UIApplicationSupportsIndirectInputEvents = YES;
				INFOPLIST_KEY_UILaunchStoryboardName = LaunchScreen;
				INFOPLIST_KEY_UISupportedInterfaceOrientations_iPad = "UIInterfaceOrientationPortrait UIInterfaceOrientationPortraitUpsideDown UIInterfaceOrientationLandscapeLeft UIInterfaceOrientationLandscapeRight";
				INFOPLIST_KEY_UISupportedInterfaceOrientations_iPhone = "UIInterfaceOrientationPortrait UIInterfaceOrientationLandscapeLeft UIInterfaceOrientationLandscapeRight";
				IPHONEOS_DEPLOYMENT_TARGET = 16.0;
				LD_RUNPATH_SEARCH_PATHS = (
					"$(inherited)",
					"@executable_path/Frameworks",
				);
				MARKETING_VERSION = 1.0;
				PRODUCT_BUNDLE_IDENTIFIER = com.sesac.MediaProject;
				PRODUCT_NAME = "$(TARGET_NAME)";
				SUPPORTED_PLATFORMS = "iphoneos iphonesimulator";
				SUPPORTS_MACCATALYST = NO;
				SUPPORTS_MAC_DESIGNED_FOR_IPHONE_IPAD = NO;
				SWIFT_EMIT_LOC_STRINGS = YES;
				SWIFT_VERSION = 5.0;
				TARGETED_DEVICE_FAMILY = 1;
			};
			name = Release;
		};
/* End XCBuildConfiguration section */

/* Begin XCConfigurationList section */
		DE80D2EC2A861C0900CBAEA5 /* Build configuration list for PBXProject "MediaProject" */ = {
			isa = XCConfigurationList;
			buildConfigurations = (
				DE80D3032A861C0A00CBAEA5 /* Debug */,
				DE80D3042A861C0A00CBAEA5 /* Release */,
			);
			defaultConfigurationIsVisible = 0;
			defaultConfigurationName = Release;
		};
		DE80D3052A861C0A00CBAEA5 /* Build configuration list for PBXNativeTarget "MediaProject" */ = {
			isa = XCConfigurationList;
			buildConfigurations = (
				DE80D3062A861C0A00CBAEA5 /* Debug */,
				DE80D3072A861C0A00CBAEA5 /* Release */,
			);
			defaultConfigurationIsVisible = 0;
			defaultConfigurationName = Release;
		};
/* End XCConfigurationList section */

/* Begin XCRemoteSwiftPackageReference section */
		DE1468212A9C6CEE003B2BC8 /* XCRemoteSwiftPackageReference "SnapKit" */ = {
			isa = XCRemoteSwiftPackageReference;
			repositoryURL = "https://github.com/SnapKit/SnapKit.git";
			requirement = {
				kind = upToNextMajorVersion;
				minimumVersion = 5.0.0;
			};
		};
		DE76F2B62A864BCB001BFD2D /* XCRemoteSwiftPackageReference "Alamofire" */ = {
			isa = XCRemoteSwiftPackageReference;
			repositoryURL = "https://github.com/Alamofire/Alamofire.git";
			requirement = {
				kind = upToNextMajorVersion;
				minimumVersion = 5.0.0;
			};
		};
		DE76F2B92A864BD6001BFD2D /* XCRemoteSwiftPackageReference "SwiftyJSON" */ = {
			isa = XCRemoteSwiftPackageReference;
			repositoryURL = "https://github.com/SwiftyJSON/SwiftyJSON.git";
			requirement = {
				kind = upToNextMajorVersion;
				minimumVersion = 5.0.0;
			};
		};
		DE76F2BC2A864BDF001BFD2D /* XCRemoteSwiftPackageReference "Kingfisher" */ = {
			isa = XCRemoteSwiftPackageReference;
			repositoryURL = "https://github.com/onevcat/Kingfisher.git";
			requirement = {
				kind = upToNextMajorVersion;
				minimumVersion = 7.0.0;
			};
		};
/* End XCRemoteSwiftPackageReference section */

/* Begin XCSwiftPackageProductDependency section */
		DE1468222A9C6CEE003B2BC8 /* SnapKit */ = {
			isa = XCSwiftPackageProductDependency;
			package = DE1468212A9C6CEE003B2BC8 /* XCRemoteSwiftPackageReference "SnapKit" */;
			productName = SnapKit;
		};
		DE76F2B72A864BCB001BFD2D /* Alamofire */ = {
			isa = XCSwiftPackageProductDependency;
			package = DE76F2B62A864BCB001BFD2D /* XCRemoteSwiftPackageReference "Alamofire" */;
			productName = Alamofire;
		};
		DE76F2BA2A864BD6001BFD2D /* SwiftyJSON */ = {
			isa = XCSwiftPackageProductDependency;
			package = DE76F2B92A864BD6001BFD2D /* XCRemoteSwiftPackageReference "SwiftyJSON" */;
			productName = SwiftyJSON;
		};
		DE76F2BD2A864BDF001BFD2D /* Kingfisher */ = {
			isa = XCSwiftPackageProductDependency;
			package = DE76F2BC2A864BDF001BFD2D /* XCRemoteSwiftPackageReference "Kingfisher" */;
			productName = Kingfisher;
		};
/* End XCSwiftPackageProductDependency section */
	};
	rootObject = DE80D2E92A861C0900CBAEA5 /* Project object */;
}
